
Microsoft Visual Studio Solution File, Format Version 12.00
# Visual Studio Version 16
VisualStudioVersion = 16.0.31424.327
MinimumVisualStudioVersion = 10.0.40219.1
Project("{FAE04EC0-301F-11D3-BF4B-00C04F79EFBC}") = "AspNetCoreAuthWebApp", "AspNetCoreAuthWebApp\AspNetCoreAuthWebApp.csproj", "{B8519432-8320-4127-BB37-A836E18A3A0F}"
EndProject
Global
	GlobalSection(SolutionConfigurationPlatforms) = preSolution
		Debug|Any CPU = Debug|Any CPU
		Release|Any CPU = Release|Any CPU
	EndGlobalSection
	GlobalSection(ProjectConfigurationPlatforms) = postSolution
		{B8519432-8320-4127-BB37-A836E18A3A0F}.Debug|Any CPU.ActiveCfg = Debug|Any CPU
		{B8519432-8320-4127-BB37-A836E18A3A0F}.Debug|Any CPU.Build.0 = Debug|Any CPU
		{B8519432-8320-4127-BB37-A836E18A3A0F}.Release|Any CPU.ActiveCfg = Release|Any CPU
		{B8519432-8320-4127-BB37-A836E18A3A0F}.Release|Any CPU.Build.0 = Release|Any CPU
	EndGlobalSection
	GlobalSection(SolutionProperties) = preSolution
		HideSolutionNode = FALSE
	EndGlobalSection
	GlobalSection(ExtensibilityGlobals) = postSolution
		SolutionGuid = {66E0C3BC-C84E-40D7-9761-FE6E37836A23}
	EndGlobalSection
EndGlobal
